
Microsoft Visual Studio Solution File, Format Version 12.00
# Visual Studio Version 17
VisualStudioVersion = 17.8.34316.72
MinimumVisualStudioVersion = 10.0.40219.1
Project("{FAE04EC0-301F-11D3-BF4B-00C04F79EFBC}") = "psOFF GUI", "psOFF GUI\psOFF GUI.csproj", "{361773AD-4100-40A2-9311-A7A762F109B4}"
EndProject
Global
	GlobalSection(SolutionConfigurationPlatforms) = preSolution
		Debug|Any CPU = Debug|Any CPU
		Release|Any CPU = Release|Any CPU
	EndGlobalSection
	GlobalSection(ProjectConfigurationPlatforms) = postSolution
		{361773AD-4100-40A2-9311-A7A762F109B4}.Debug|Any CPU.ActiveCfg = Debug|Any CPU
		{361773AD-4100-40A2-9311-A7A762F109B4}.Debug|Any CPU.Build.0 = Debug|Any CPU
		{361773AD-4100-40A2-9311-A7A762F109B4}.Release|Any CPU.ActiveCfg = Release|Any CPU
		{361773AD-4100-40A2-9311-A7A762F109B4}.Release|Any CPU.Build.0 = Release|Any CPU
	EndGlobalSection
	GlobalSection(SolutionProperties) = preSolution
		HideSolutionNode = FALSE
	EndGlobalSection
	GlobalSection(ExtensibilityGlobals) = postSolution
		SolutionGuid = {AF1301B8-CDF7-4881-B373-E70D61E8DCF4}
	EndGlobalSection
EndGlobal
